
Microsoft Visual Studio Solution File, Format Version 12.00
# Visual Studio Version 16
VisualStudioVersion = 16.0.29215.179
MinimumVisualStudioVersion = 10.0.40219.1
Project("{FAE04EC0-301F-11D3-BF4B-00C04F79EFBC}") = "GroupedTable.Android", "GroupedTable\GroupedTable.Android\GroupedTable.Android.csproj", "{483AE256-A51C-46CA-8A94-D5D9A44B61BB}"
EndProject
Project("{FAE04EC0-301F-11D3-BF4B-00C04F79EFBC}") = "GroupedTable.iOS", "GroupedTable\GroupedTable.iOS\GroupedTable.iOS.csproj", "{7880D2F7-1E1A-4999-8975-EDF1F0FBBB74}"
EndProject
Project("{FAE04EC0-301F-11D3-BF4B-00C04F79EFBC}") = "GroupedTable", "GroupedTable\GroupedTable\GroupedTable.csproj", "{EB96D6B7-A253-4190-BCE8-997CFABDF858}"
EndProject
Global
	GlobalSection(SolutionConfigurationPlatforms) = preSolution
		Debug|Any CPU = Debug|Any CPU
		Debug|iPhone = Debug|iPhone
		Debug|iPhoneSimulator = Debug|iPhoneSimulator
		Release|Any CPU = Release|Any CPU
		Release|iPhone = Release|iPhone
		Release|iPhoneSimulator = Release|iPhoneSimulator
	EndGlobalSection
	GlobalSection(ProjectConfigurationPlatforms) = postSolution
		{483AE256-A51C-46CA-8A94-D5D9A44B61BB}.Debug|Any CPU.ActiveCfg = Debug|Any CPU
		{483AE256-A51C-46CA-8A94-D5D9A44B61BB}.Debug|Any CPU.Build.0 = Debug|Any CPU
		{483AE256-A51C-46CA-8A94-D5D9A44B61BB}.Debug|Any CPU.Deploy.0 = Debug|Any CPU
		{483AE256-A51C-46CA-8A94-D5D9A44B61BB}.Debug|iPhone.ActiveCfg = Debug|Any CPU
		{483AE256-A51C-46CA-8A94-D5D9A44B61BB}.Debug|iPhone.Build.0 = Debug|Any CPU
		{483AE256-A51C-46CA-8A94-D5D9A44B61BB}.Debug|iPhone.Deploy.0 = Debug|Any CPU
		{483AE256-A51C-46CA-8A94-D5D9A44B61BB}.Debug|iPhoneSimulator.ActiveCfg = Debug|Any CPU
		{483AE256-A51C-46CA-8A94-D5D9A44B61BB}.Debug|iPhoneSimulator.Build.0 = Debug|Any CPU
		{483AE256-A51C-46CA-8A94-D5D9A44B61BB}.Debug|iPhoneSimulator.Deploy.0 = Debug|Any CPU
		{483AE256-A51C-46CA-8A94-D5D9A44B61BB}.Release|Any CPU.ActiveCfg = Release|Any CPU
		{483AE256-A51C-46CA-8A94-D5D9A44B61BB}.Release|Any CPU.Build.0 = Release|Any CPU
		{483AE256-A51C-46CA-8A94-D5D9A44B61BB}.Release|Any CPU.Deploy.0 = Release|Any CPU
		{483AE256-A51C-46CA-8A94-D5D9A44B61BB}.Release|iPhone.ActiveCfg = Release|Any CPU
		{483AE256-A51C-46CA-8A94-D5D9A44B61BB}.Release|iPhone.Build.0 = Release|Any CPU
		{483AE256-A51C-46CA-8A94-D5D9A44B61BB}.Release|iPhone.Deploy.0 = Release|Any CPU
		{483AE256-A51C-46CA-8A94-D5D9A44B61BB}.Release|iPhoneSimulator.ActiveCfg = Release|Any CPU
		{483AE256-A51C-46CA-8A94-D5D9A44B61BB}.Release|iPhoneSimulator.Build.0 = Release|Any CPU
		{483AE256-A51C-46CA-8A94-D5D9A44B61BB}.Release|iPhoneSimulator.Deploy.0 = Release|Any CPU
		{7880D2F7-1E1A-4999-8975-EDF1F0FBBB74}.Debug|Any CPU.ActiveCfg = Debug|iPhoneSimulator
		{7880D2F7-1E1A-4999-8975-EDF1F0FBBB74}.Debug|Any CPU.Build.0 = Debug|iPhoneSimulator
		{7880D2F7-1E1A-4999-8975-EDF1F0FBBB74}.Debug|Any CPU.Deploy.0 = Debug|iPhoneSimulator
		{7880D2F7-1E1A-4999-8975-EDF1F0FBBB74}.Debug|iPhone.ActiveCfg = Debug|iPhone
		{7880D2F7-1E1A-4999-8975-EDF1F0FBBB74}.Debug|iPhone.Build.0 = Debug|iPhone
		{7880D2F7-1E1A-4999-8975-EDF1F0FBBB74}.Debug|iPhone.Deploy.0 = Debug|iPhone
		{7880D2F7-1E1A-4999-8975-EDF1F0FBBB74}.Debug|iPhoneSimulator.ActiveCfg = Debug|iPhoneSimulator
		{7880D2F7-1E1A-4999-8975-EDF1F0FBBB74}.Debug|iPhoneSimulator.Build.0 = Debug|iPhoneSimulator
		{7880D2F7-1E1A-4999-8975-EDF1F0FBBB74}.Debug|iPhoneSimulator.Deploy.0 = Debug|iPhoneSimulator
		{7880D2F7-1E1A-4999-8975-EDF1F0FBBB74}.Release|Any CPU.ActiveCfg = Release|iPhone
		{7880D2F7-1E1A-4999-8975-EDF1F0FBBB74}.Release|Any CPU.Build.0 = Release|iPhone
		{7880D2F7-1E1A-4999-8975-EDF1F0FBBB74}.Release|Any CPU.Deploy.0 = Release|iPhone
		{7880D2F7-1E1A-4999-8975-EDF1F0FBBB74}.Release|iPhone.ActiveCfg = Release|iPhone
		{7880D2F7-1E1A-4999-8975-EDF1F0FBBB74}.Release|iPhone.Build.0 = Release|iPhone
		{7880D2F7-1E1A-4999-8975-EDF1F0FBBB74}.Release|iPhone.Deploy.0 = Release|iPhone
		{7880D2F7-1E1A-4999-8975-EDF1F0FBBB74}.Release|iPhoneSimulator.ActiveCfg = Release|iPhoneSimulator
		{7880D2F7-1E1A-4999-8975-EDF1F0FBBB74}.Release|iPhoneSimulator.Build.0 = Release|iPhoneSimulator
		{7880D2F7-1E1A-4999-8975-EDF1F0FBBB74}.Release|iPhoneSimulator.Deploy.0 = Release|iPhoneSimulator
		{EB96D6B7-A253-4190-BCE8-997CFABDF858}.Debug|Any CPU.ActiveCfg = Debug|Any CPU
		{EB96D6B7-A253-4190-BCE8-997CFABDF858}.Debug|Any CPU.Build.0 = Debug|Any CPU
		{EB96D6B7-A253-4190-BCE8-997CFABDF858}.Debug|Any CPU.Deploy.0 = Debug|Any CPU
		{EB96D6B7-A253-4190-BCE8-997CFABDF858}.Debug|iPhone.ActiveCfg = Debug|Any CPU
		{EB96D6B7-A253-4190-BCE8-997CFABDF858}.Debug|iPhone.Build.0 = Debug|Any CPU
		{EB96D6B7-A253-4190-BCE8-997CFABDF858}.Debug|iPhone.Deploy.0 = Debug|Any CPU
		{EB96D6B7-A253-4190-BCE8-997CFABDF858}.Debug|iPhoneSimulator.ActiveCfg = Debug|Any CPU
		{EB96D6B7-A253-4190-BCE8-997CFABDF858}.Debug|iPhoneSimulator.Build.0 = Debug|Any CPU
		{EB96D6B7-A253-4190-BCE8-997CFABDF858}.Debug|iPhoneSimulator.Deploy.0 = Debug|Any CPU
		{EB96D6B7-A253-4190-BCE8-997CFABDF858}.Release|Any CPU.ActiveCfg = Release|Any CPU
		{EB96D6B7-A253-4190-BCE8-997CFABDF858}.Release|Any CPU.Build.0 = Release|Any CPU
		{EB96D6B7-A253-4190-BCE8-997CFABDF858}.Release|Any CPU.Deploy.0 = Release|Any CPU
		{EB96D6B7-A253-4190-BCE8-997CFABDF858}.Release|iPhone.ActiveCfg = Release|Any CPU
		{EB96D6B7-A253-4190-BCE8-997CFABDF858}.Release|iPhone.Build.0 = Release|Any CPU
		{EB96D6B7-A253-4190-BCE8-997CFABDF858}.Release|iPhone.Deploy.0 = Release|Any CPU
		{EB96D6B7-A253-4190-BCE8-997CFABDF858}.Release|iPhoneSimulator.ActiveCfg = Release|Any CPU
		{EB96D6B7-A253-4190-BCE8-997CFABDF858}.Release|iPhoneSimulator.Build.0 = Release|Any CPU
		{EB96D6B7-A253-4190-BCE8-997CFABDF858}.Release|iPhoneSimulator.Deploy.0 = Release|Any CPU
	EndGlobalSection
	GlobalSection(SolutionProperties) = preSolution
		HideSolutionNode = FALSE
	EndGlobalSection
	GlobalSection(ExtensibilityGlobals) = postSolution
		SolutionGuid = {EFF166DB-58C0-48BC-AB5D-800D964D6E21}
	EndGlobalSection
EndGlobal
